
Microsoft Visual Studio Solution File, Format Version 12.00
# Visual Studio Version 17
VisualStudioVersion = 17.8.34330.188
MinimumVisualStudioVersion = 10.0.40219.1
Project("{9A19103F-16F7-4668-BE54-9A1E7A4F7556}") = "HW4", "HW4\HW4.csproj", "{11A7A3E0-C869-4312-9923-8960CABD4DEE}"
EndProject
Project("{FAE04EC0-301F-11D3-BF4B-00C04F79EFBC}") = "ChartPlugin", "ChartPlugin\ChartPlugin.csproj", "{C7460763-2F8D-4330-B0C8-6B4D0696FD4C}"
EndProject
Project("{FAE04EC0-301F-11D3-BF4B-00C04F79EFBC}") = "Incomechart", "Incomechart\Incomechart.csproj", "{562AA897-BC79-42A1-AA0B-E275440C988B}"
EndProject
Project("{FAE04EC0-301F-11D3-BF4B-00C04F79EFBC}") = "QuantitySoldchart", "QuantitySoldchart\QuantitySoldchart.csproj", "{810EBA92-7A77-4A15-A64C-BA850BCBF416}"
EndProject
Global
	GlobalSection(SolutionConfigurationPlatforms) = preSolution
		Debug|Any CPU = Debug|Any CPU
		Release|Any CPU = Release|Any CPU
	EndGlobalSection
	GlobalSection(ProjectConfigurationPlatforms) = postSolution
		{11A7A3E0-C869-4312-9923-8960CABD4DEE}.Debug|Any CPU.ActiveCfg = Debug|Any CPU
		{11A7A3E0-C869-4312-9923-8960CABD4DEE}.Debug|Any CPU.Build.0 = Debug|Any CPU
		{11A7A3E0-C869-4312-9923-8960CABD4DEE}.Release|Any CPU.ActiveCfg = Release|Any CPU
		{11A7A3E0-C869-4312-9923-8960CABD4DEE}.Release|Any CPU.Build.0 = Release|Any CPU
		{C7460763-2F8D-4330-B0C8-6B4D0696FD4C}.Debug|Any CPU.ActiveCfg = Debug|Any CPU
		{C7460763-2F8D-4330-B0C8-6B4D0696FD4C}.Debug|Any CPU.Build.0 = Debug|Any CPU
		{C7460763-2F8D-4330-B0C8-6B4D0696FD4C}.Release|Any CPU.ActiveCfg = Release|Any CPU
		{C7460763-2F8D-4330-B0C8-6B4D0696FD4C}.Release|Any CPU.Build.0 = Release|Any CPU
		{562AA897-BC79-42A1-AA0B-E275440C988B}.Debug|Any CPU.ActiveCfg = Debug|Any CPU
		{562AA897-BC79-42A1-AA0B-E275440C988B}.Debug|Any CPU.Build.0 = Debug|Any CPU
		{562AA897-BC79-42A1-AA0B-E275440C988B}.Release|Any CPU.ActiveCfg = Release|Any CPU
		{562AA897-BC79-42A1-AA0B-E275440C988B}.Release|Any CPU.Build.0 = Release|Any CPU
		{810EBA92-7A77-4A15-A64C-BA850BCBF416}.Debug|Any CPU.ActiveCfg = Debug|Any CPU
		{810EBA92-7A77-4A15-A64C-BA850BCBF416}.Debug|Any CPU.Build.0 = Debug|Any CPU
		{810EBA92-7A77-4A15-A64C-BA850BCBF416}.Release|Any CPU.ActiveCfg = Release|Any CPU
		{810EBA92-7A77-4A15-A64C-BA850BCBF416}.Release|Any CPU.Build.0 = Release|Any CPU
	EndGlobalSection
	GlobalSection(SolutionProperties) = preSolution
		HideSolutionNode = FALSE
	EndGlobalSection
	GlobalSection(ExtensibilityGlobals) = postSolution
		SolutionGuid = {CD28EA8B-F158-4DEC-8A9D-1369219559D9}
	EndGlobalSection
EndGlobal
