
Microsoft Visual Studio Solution File, Format Version 12.00
# Visual Studio Version 17
VisualStudioVersion = 17.8.34330.188
MinimumVisualStudioVersion = 10.0.40219.1
Project("{9A19103F-16F7-4668-BE54-9A1E7A4F7556}") = "HW4", "HW4\HW4.csproj", "{11A7A3E0-C869-4312-9923-8960CABD4DEE}"
EndProject
Project("{9A19103F-16F7-4668-BE54-9A1E7A4F7556}") = "IGuiChart", "IGuiChart\IGuiChart.csproj", "{2CD2414A-928A-42C7-A52F-5FB3DDF6B25C}"
EndProject
Project("{9A19103F-16F7-4668-BE54-9A1E7A4F7556}") = "IGui_IncomeChart", "IGui_IncomeChart\IGui_IncomeChart.csproj", "{8EA97599-3601-4A07-A592-A86D369F6508}"
EndProject
Project("{9A19103F-16F7-4668-BE54-9A1E7A4F7556}") = "IGui_QuantitySoldChart", "IGui_QuantitySoldChart\IGui_QuantitySoldChart.csproj", "{421997EF-341C-4157-972E-04257BAA7B63}"
EndProject
Project("{9A19103F-16F7-4668-BE54-9A1E7A4F7556}") = "IGui_OrderCustomer", "IGui_OrderCustomer\IGui_OrderCustomer.csproj", "{164FF8C9-2BA7-4D5F-8FC1-C2B900F9C428}"
EndProject
Project("{54435603-DBB4-11D2-8724-00A0C9A8B90C}") = "My Shop", "My Shop\My Shop.vdproj", "{B16436A0-4CE4-456B-857D-38FA5A0F8EA8}"
EndProject
Global
	GlobalSection(SolutionConfigurationPlatforms) = preSolution
		Debug|Any CPU = Debug|Any CPU
		Release|Any CPU = Release|Any CPU
	EndGlobalSection
	GlobalSection(ProjectConfigurationPlatforms) = postSolution
		{11A7A3E0-C869-4312-9923-8960CABD4DEE}.Debug|Any CPU.ActiveCfg = Debug|Any CPU
		{11A7A3E0-C869-4312-9923-8960CABD4DEE}.Debug|Any CPU.Build.0 = Debug|Any CPU
		{11A7A3E0-C869-4312-9923-8960CABD4DEE}.Release|Any CPU.ActiveCfg = Release|Any CPU
		{11A7A3E0-C869-4312-9923-8960CABD4DEE}.Release|Any CPU.Build.0 = Release|Any CPU
		{2CD2414A-928A-42C7-A52F-5FB3DDF6B25C}.Debug|Any CPU.ActiveCfg = Debug|Any CPU
		{2CD2414A-928A-42C7-A52F-5FB3DDF6B25C}.Debug|Any CPU.Build.0 = Debug|Any CPU
		{2CD2414A-928A-42C7-A52F-5FB3DDF6B25C}.Release|Any CPU.ActiveCfg = Release|Any CPU
		{2CD2414A-928A-42C7-A52F-5FB3DDF6B25C}.Release|Any CPU.Build.0 = Release|Any CPU
		{8EA97599-3601-4A07-A592-A86D369F6508}.Debug|Any CPU.ActiveCfg = Debug|Any CPU
		{8EA97599-3601-4A07-A592-A86D369F6508}.Debug|Any CPU.Build.0 = Debug|Any CPU
		{8EA97599-3601-4A07-A592-A86D369F6508}.Release|Any CPU.ActiveCfg = Release|Any CPU
		{8EA97599-3601-4A07-A592-A86D369F6508}.Release|Any CPU.Build.0 = Release|Any CPU
		{421997EF-341C-4157-972E-04257BAA7B63}.Debug|Any CPU.ActiveCfg = Debug|Any CPU
		{421997EF-341C-4157-972E-04257BAA7B63}.Debug|Any CPU.Build.0 = Debug|Any CPU
		{421997EF-341C-4157-972E-04257BAA7B63}.Release|Any CPU.ActiveCfg = Release|Any CPU
		{421997EF-341C-4157-972E-04257BAA7B63}.Release|Any CPU.Build.0 = Release|Any CPU
		{164FF8C9-2BA7-4D5F-8FC1-C2B900F9C428}.Debug|Any CPU.ActiveCfg = Debug|Any CPU
		{164FF8C9-2BA7-4D5F-8FC1-C2B900F9C428}.Debug|Any CPU.Build.0 = Debug|Any CPU
		{164FF8C9-2BA7-4D5F-8FC1-C2B900F9C428}.Release|Any CPU.ActiveCfg = Release|Any CPU
		{164FF8C9-2BA7-4D5F-8FC1-C2B900F9C428}.Release|Any CPU.Build.0 = Release|Any CPU
		{B16436A0-4CE4-456B-857D-38FA5A0F8EA8}.Debug|Any CPU.ActiveCfg = Debug
		{B16436A0-4CE4-456B-857D-38FA5A0F8EA8}.Release|Any CPU.ActiveCfg = Release
	EndGlobalSection
	GlobalSection(SolutionProperties) = preSolution
		HideSolutionNode = FALSE
	EndGlobalSection
	GlobalSection(ExtensibilityGlobals) = postSolution
		SolutionGuid = {CD28EA8B-F158-4DEC-8A9D-1369219559D9}
	EndGlobalSection
EndGlobal
